// !$*UTF8*$!
{
	archiveVersion = 1;
	classes = {
	};
	objectVersion = 46;
	objects = {

/* Begin PBXBuildFile section */
		B2F5805E1AB9D3FA00F60787 /* AppDelegate.swift in Sources */ = {isa = PBXBuildFile; fileRef = B2F5805D1AB9D3FA00F60787 /* AppDelegate.swift */; };
		B2F580601AB9D3FA00F60787 /* ViewController.swift in Sources */ = {isa = PBXBuildFile; fileRef = B2F5805F1AB9D3FA00F60787 /* ViewController.swift */; };
		B2F580631AB9D3FA00F60787 /* Main.storyboard in Resources */ = {isa = PBXBuildFile; fileRef = B2F580611AB9D3FA00F60787 /* Main.storyboard */; };
		B2F580651AB9D3FA00F60787 /* Images.xcassets in Resources */ = {isa = PBXBuildFile; fileRef = B2F580641AB9D3FA00F60787 /* Images.xcassets */; };
		B2F580681AB9D3FA00F60787 /* LaunchScreen.xib in Resources */ = {isa = PBXBuildFile; fileRef = B2F580661AB9D3FA00F60787 /* LaunchScreen.xib */; };
		B2F580741AB9D3FA00F60787 /* MemoryGameTests.swift in Sources */ = {isa = PBXBuildFile; fileRef = B2F580731AB9D3FA00F60787 /* MemoryGameTests.swift */; };
		B2F580861AB9D41700F60787 /* InterfaceController.swift in Sources */ = {isa = PBXBuildFile; fileRef = B2F580851AB9D41700F60787 /* InterfaceController.swift */; };
		B2F580881AB9D41700F60787 /* Images.xcassets in Resources */ = {isa = PBXBuildFile; fileRef = B2F580871AB9D41700F60787 /* Images.xcassets */; };
		B2F5808C1AB9D41800F60787 /* MemoryGame WatchKit App.app in Resources */ = {isa = PBXBuildFile; fileRef = B2F5808B1AB9D41800F60787 /* MemoryGame WatchKit App.app */; };
		B2F580941AB9D41800F60787 /* Interface.storyboard in Resources */ = {isa = PBXBuildFile; fileRef = B2F580921AB9D41800F60787 /* Interface.storyboard */; };
		B2F580961AB9D41800F60787 /* Images.xcassets in Resources */ = {isa = PBXBuildFile; fileRef = B2F580951AB9D41800F60787 /* Images.xcassets */; };
		B2F580991AB9D41800F60787 /* MemoryGame WatchKit Extension.appex in Embed App Extensions */ = {isa = PBXBuildFile; fileRef = B2F580811AB9D41700F60787 /* MemoryGame WatchKit Extension.appex */; settings = {ATTRIBUTES = (RemoveHeadersOnCopy, ); }; };
/* End PBXBuildFile section */

/* Begin PBXContainerItemProxy section */
		B2F5806E1AB9D3FA00F60787 /* PBXContainerItemProxy */ = {
			isa = PBXContainerItemProxy;
			containerPortal = B2F580501AB9D3FA00F60787 /* Project object */;
			proxyType = 1;
			remoteGlobalIDString = B2F580571AB9D3FA00F60787;
			remoteInfo = MemoryGame;
		};
		B2F5808D1AB9D41800F60787 /* PBXContainerItemProxy */ = {
			isa = PBXContainerItemProxy;
			containerPortal = B2F580501AB9D3FA00F60787 /* Project object */;
			proxyType = 1;
			remoteGlobalIDString = B2F5808A1AB9D41800F60787;
			remoteInfo = "MemoryGame WatchKit App";
		};
		B2F580971AB9D41800F60787 /* PBXContainerItemProxy */ = {
			isa = PBXContainerItemProxy;
			containerPortal = B2F580501AB9D3FA00F60787 /* Project object */;
			proxyType = 1;
			remoteGlobalIDString = B2F580801AB9D41700F60787;
			remoteInfo = "MemoryGame WatchKit Extension";
		};
/* End PBXContainerItemProxy section */

/* Begin PBXCopyFilesBuildPhase section */
		B2F580A01AB9D41800F60787 /* Embed App Extensions */ = {
			isa = PBXCopyFilesBuildPhase;
			buildActionMask = 2147483647;
			dstPath = "";
			dstSubfolderSpec = 13;
			files = (
				B2F580991AB9D41800F60787 /* MemoryGame WatchKit Extension.appex in Embed App Extensions */,
			);
			name = "Embed App Extensions";
			runOnlyForDeploymentPostprocessing = 0;
		};
/* End PBXCopyFilesBuildPhase section */

/* Begin PBXFileReference section */
		B2264C8C1ABC4F78002CF7D4 /* MemoryGame.entitlements */ = {isa = PBXFileReference; lastKnownFileType = text.xml; path = MemoryGame.entitlements; sourceTree = "<group>"; };
		B2264C8D1ABC4F9F002CF7D4 /* MemoryGame WatchKit Extension.entitlements */ = {isa = PBXFileReference; lastKnownFileType = text.xml; path = "MemoryGame WatchKit Extension.entitlements"; sourceTree = "<group>"; };
		B2F580581AB9D3FA00F60787 /* MemoryGame.app */ = {isa = PBXFileReference; explicitFileType = wrapper.application; includeInIndex = 0; path = MemoryGame.app; sourceTree = BUILT_PRODUCTS_DIR; };
		B2F5805C1AB9D3FA00F60787 /* Info.plist */ = {isa = PBXFileReference; lastKnownFileType = text.plist.xml; path = Info.plist; sourceTree = "<group>"; };
		B2F5805D1AB9D3FA00F60787 /* AppDelegate.swift */ = {isa = PBXFileReference; lastKnownFileType = sourcecode.swift; path = AppDelegate.swift; sourceTree = "<group>"; };
		B2F5805F1AB9D3FA00F60787 /* ViewController.swift */ = {isa = PBXFileReference; lastKnownFileType = sourcecode.swift; path = ViewController.swift; sourceTree = "<group>"; };
		B2F580621AB9D3FA00F60787 /* Base */ = {isa = PBXFileReference; lastKnownFileType = file.storyboard; name = Base; path = Base.lproj/Main.storyboard; sourceTree = "<group>"; };
		B2F580641AB9D3FA00F60787 /* Images.xcassets */ = {isa = PBXFileReference; lastKnownFileType = folder.assetcatalog; path = Images.xcassets; sourceTree = "<group>"; };
		B2F580671AB9D3FA00F60787 /* Base */ = {isa = PBXFileReference; lastKnownFileType = file.xib; name = Base; path = Base.lproj/LaunchScreen.xib; sourceTree = "<group>"; };
		B2F5806D1AB9D3FA00F60787 /* MemoryGameTests.xctest */ = {isa = PBXFileReference; explicitFileType = wrapper.cfbundle; includeInIndex = 0; path = MemoryGameTests.xctest; sourceTree = BUILT_PRODUCTS_DIR; };
		B2F580721AB9D3FA00F60787 /* Info.plist */ = {isa = PBXFileReference; lastKnownFileType = text.plist.xml; path = Info.plist; sourceTree = "<group>"; };
		B2F580731AB9D3FA00F60787 /* MemoryGameTests.swift */ = {isa = PBXFileReference; lastKnownFileType = sourcecode.swift; path = MemoryGameTests.swift; sourceTree = "<group>"; };
		B2F580811AB9D41700F60787 /* MemoryGame WatchKit Extension.appex */ = {isa = PBXFileReference; explicitFileType = "wrapper.app-extension"; includeInIndex = 0; path = "MemoryGame WatchKit Extension.appex"; sourceTree = BUILT_PRODUCTS_DIR; };
		B2F580841AB9D41700F60787 /* Info.plist */ = {isa = PBXFileReference; lastKnownFileType = text.plist.xml; path = Info.plist; sourceTree = "<group>"; };
		B2F580851AB9D41700F60787 /* InterfaceController.swift */ = {isa = PBXFileReference; lastKnownFileType = sourcecode.swift; path = InterfaceController.swift; sourceTree = "<group>"; };
		B2F580871AB9D41700F60787 /* Images.xcassets */ = {isa = PBXFileReference; lastKnownFileType = folder.assetcatalog; path = Images.xcassets; sourceTree = "<group>"; };
		B2F5808B1AB9D41800F60787 /* MemoryGame WatchKit App.app */ = {isa = PBXFileReference; explicitFileType = wrapper.application; includeInIndex = 0; path = "MemoryGame WatchKit App.app"; sourceTree = BUILT_PRODUCTS_DIR; };
		B2F580911AB9D41800F60787 /* Info.plist */ = {isa = PBXFileReference; lastKnownFileType = text.plist.xml; path = Info.plist; sourceTree = "<group>"; };
		B2F580931AB9D41800F60787 /* Base */ = {isa = PBXFileReference; lastKnownFileType = file.storyboard; name = Base; path = Base.lproj/Interface.storyboard; sourceTree = "<group>"; };
		B2F580951AB9D41800F60787 /* Images.xcassets */ = {isa = PBXFileReference; lastKnownFileType = folder.assetcatalog; path = Images.xcassets; sourceTree = "<group>"; };
/* End PBXFileReference section */

/* Begin PBXFrameworksBuildPhase section */
		B2F580551AB9D3FA00F60787 /* Frameworks */ = {
			isa = PBXFrameworksBuildPhase;
			buildActionMask = 2147483647;
			files = (
			);
			runOnlyForDeploymentPostprocessing = 0;
		};
		B2F5806A1AB9D3FA00F60787 /* Frameworks */ = {
			isa = PBXFrameworksBuildPhase;
			buildActionMask = 2147483647;
			files = (
			);
			runOnlyForDeploymentPostprocessing = 0;
		};
		B2F5807E1AB9D41700F60787 /* Frameworks */ = {
			isa = PBXFrameworksBuildPhase;
			buildActionMask = 2147483647;
			files = (
			);
			runOnlyForDeploymentPostprocessing = 0;
		};
/* End PBXFrameworksBuildPhase section */

/* Begin PBXGroup section */
		B2F5804F1AB9D3FA00F60787 = {
			isa = PBXGroup;
			children = (
				B2F5805A1AB9D3FA00F60787 /* MemoryGame */,
				B2F580701AB9D3FA00F60787 /* MemoryGameTests */,
				B2F580821AB9D41700F60787 /* MemoryGame WatchKit Extension */,
				B2F5808F1AB9D41800F60787 /* MemoryGame WatchKit App */,
				B2F580591AB9D3FA00F60787 /* Products */,
			);
			sourceTree = "<group>";
		};
		B2F580591AB9D3FA00F60787 /* Products */ = {
			isa = PBXGroup;
			children = (
				B2F580581AB9D3FA00F60787 /* MemoryGame.app */,
				B2F5806D1AB9D3FA00F60787 /* MemoryGameTests.xctest */,
				B2F580811AB9D41700F60787 /* MemoryGame WatchKit Extension.appex */,
				B2F5808B1AB9D41800F60787 /* MemoryGame WatchKit App.app */,
			);
			name = Products;
			sourceTree = "<group>";
		};
		B2F5805A1AB9D3FA00F60787 /* MemoryGame */ = {
			isa = PBXGroup;
			children = (
				B2264C8C1ABC4F78002CF7D4 /* MemoryGame.entitlements */,
				B2F5805D1AB9D3FA00F60787 /* AppDelegate.swift */,
				B2F5805F1AB9D3FA00F60787 /* ViewController.swift */,
				B2F580611AB9D3FA00F60787 /* Main.storyboard */,
				B2F580641AB9D3FA00F60787 /* Images.xcassets */,
				B2F580661AB9D3FA00F60787 /* LaunchScreen.xib */,
				B2F5805B1AB9D3FA00F60787 /* Supporting Files */,
			);
			path = MemoryGame;
			sourceTree = "<group>";
		};
		B2F5805B1AB9D3FA00F60787 /* Supporting Files */ = {
			isa = PBXGroup;
			children = (
				B2F5805C1AB9D3FA00F60787 /* Info.plist */,
			);
			name = "Supporting Files";
			sourceTree = "<group>";
		};
		B2F580701AB9D3FA00F60787 /* MemoryGameTests */ = {
			isa = PBXGroup;
			children = (
				B2F580731AB9D3FA00F60787 /* MemoryGameTests.swift */,
				B2F580711AB9D3FA00F60787 /* Supporting Files */,
			);
			path = MemoryGameTests;
			sourceTree = "<group>";
		};
		B2F580711AB9D3FA00F60787 /* Supporting Files */ = {
			isa = PBXGroup;
			children = (
				B2F580721AB9D3FA00F60787 /* Info.plist */,
			);
			name = "Supporting Files";
			sourceTree = "<group>";
		};
		B2F580821AB9D41700F60787 /* MemoryGame WatchKit Extension */ = {
			isa = PBXGroup;
			children = (
				B2264C8D1ABC4F9F002CF7D4 /* MemoryGame WatchKit Extension.entitlements */,
				B2F580851AB9D41700F60787 /* InterfaceController.swift */,
				B2F580871AB9D41700F60787 /* Images.xcassets */,
				B2F580831AB9D41700F60787 /* Supporting Files */,
			);
			path = "MemoryGame WatchKit Extension";
			sourceTree = "<group>";
		};
		B2F580831AB9D41700F60787 /* Supporting Files */ = {
			isa = PBXGroup;
			children = (
				B2F580841AB9D41700F60787 /* Info.plist */,
			);
			name = "Supporting Files";
			sourceTree = "<group>";
		};
		B2F5808F1AB9D41800F60787 /* MemoryGame WatchKit App */ = {
			isa = PBXGroup;
			children = (
				B2F580921AB9D41800F60787 /* Interface.storyboard */,
				B2F580951AB9D41800F60787 /* Images.xcassets */,
				B2F580901AB9D41800F60787 /* Supporting Files */,
			);
			path = "MemoryGame WatchKit App";
			sourceTree = "<group>";
		};
		B2F580901AB9D41800F60787 /* Supporting Files */ = {
			isa = PBXGroup;
			children = (
				B2F580911AB9D41800F60787 /* Info.plist */,
			);
			name = "Supporting Files";
			sourceTree = "<group>";
		};
/* End PBXGroup section */

/* Begin PBXNativeTarget section */
		B2F580571AB9D3FA00F60787 /* MemoryGame */ = {
			isa = PBXNativeTarget;
			buildConfigurationList = B2F580771AB9D3FA00F60787 /* Build configuration list for PBXNativeTarget "MemoryGame" */;
			buildPhases = (
				B2F580541AB9D3FA00F60787 /* Sources */,
				B2F580551AB9D3FA00F60787 /* Frameworks */,
				B2F580561AB9D3FA00F60787 /* Resources */,
				B2F580A01AB9D41800F60787 /* Embed App Extensions */,
			);
			buildRules = (
			);
			dependencies = (
				B2F580981AB9D41800F60787 /* PBXTargetDependency */,
			);
			name = MemoryGame;
			productName = MemoryGame;
			productReference = B2F580581AB9D3FA00F60787 /* MemoryGame.app */;
			productType = "com.apple.product-type.application";
		};
		B2F5806C1AB9D3FA00F60787 /* MemoryGameTests */ = {
			isa = PBXNativeTarget;
			buildConfigurationList = B2F5807A1AB9D3FA00F60787 /* Build configuration list for PBXNativeTarget "MemoryGameTests" */;
			buildPhases = (
				B2F580691AB9D3FA00F60787 /* Sources */,
				B2F5806A1AB9D3FA00F60787 /* Frameworks */,
				B2F5806B1AB9D3FA00F60787 /* Resources */,
			);
			buildRules = (
			);
			dependencies = (
				B2F5806F1AB9D3FA00F60787 /* PBXTargetDependency */,
			);
			name = MemoryGameTests;
			productName = MemoryGameTests;
			productReference = B2F5806D1AB9D3FA00F60787 /* MemoryGameTests.xctest */;
			productType = "com.apple.product-type.bundle.unit-test";
		};
		B2F580801AB9D41700F60787 /* MemoryGame WatchKit Extension */ = {
			isa = PBXNativeTarget;
			buildConfigurationList = B2F5809D1AB9D41800F60787 /* Build configuration list for PBXNativeTarget "MemoryGame WatchKit Extension" */;
			buildPhases = (
				B2F5807D1AB9D41700F60787 /* Sources */,
				B2F5807E1AB9D41700F60787 /* Frameworks */,
				B2F5807F1AB9D41700F60787 /* Resources */,
			);
			buildRules = (
			);
			dependencies = (
				B2F5808E1AB9D41800F60787 /* PBXTargetDependency */,
			);
			name = "MemoryGame WatchKit Extension";
			productName = "MemoryGame WatchKit Extension";
			productReference = B2F580811AB9D41700F60787 /* MemoryGame WatchKit Extension.appex */;
			productType = "com.apple.product-type.watchkit-extension";
		};
		B2F5808A1AB9D41800F60787 /* MemoryGame WatchKit App */ = {
			isa = PBXNativeTarget;
			buildConfigurationList = B2F5809A1AB9D41800F60787 /* Build configuration list for PBXNativeTarget "MemoryGame WatchKit App" */;
			buildPhases = (
				B2F580891AB9D41800F60787 /* Resources */,
			);
			buildRules = (
			);
			dependencies = (
			);
			name = "MemoryGame WatchKit App";
			productName = "MemoryGame WatchKit App";
			productReference = B2F5808B1AB9D41800F60787 /* MemoryGame WatchKit App.app */;
			productType = "com.apple.product-type.application.watchapp";
		};
/* End PBXNativeTarget section */

/* Begin PBXProject section */
		B2F580501AB9D3FA00F60787 /* Project object */ = {
			isa = PBXProject;
			attributes = {
				LastUpgradeCheck = 0620;
				ORGANIZATIONNAME = dna;
				TargetAttributes = {
					B2F580571AB9D3FA00F60787 = {
						CreatedOnToolsVersion = 6.2;
						DevelopmentTeam = 7SX7NNMX7Q;
						SystemCapabilities = {
							com.apple.ApplicationGroups.iOS = {
								enabled = 1;
							};
						};
					};
					B2F5806C1AB9D3FA00F60787 = {
						CreatedOnToolsVersion = 6.2;
						TestTargetID = B2F580571AB9D3FA00F60787;
					};
					B2F580801AB9D41700F60787 = {
						CreatedOnToolsVersion = 6.2;
						DevelopmentTeam = 7SX7NNMX7Q;
						SystemCapabilities = {
							com.apple.ApplicationGroups.iOS = {
								enabled = 1;
							};
						};
					};
					B2F5808A1AB9D41800F60787 = {
						CreatedOnToolsVersion = 6.2;
						DevelopmentTeam = 7SX7NNMX7Q;
					};
				};
			};
			buildConfigurationList = B2F580531AB9D3FA00F60787 /* Build configuration list for PBXProject "MemoryGame" */;
			compatibilityVersion = "Xcode 3.2";
			developmentRegion = English;
			hasScannedForEncodings = 0;
			knownRegions = (
				en,
				Base,
			);
			mainGroup = B2F5804F1AB9D3FA00F60787;
			productRefGroup = B2F580591AB9D3FA00F60787 /* Products */;
			projectDirPath = "";
			projectRoot = "";
			targets = (
				B2F580571AB9D3FA00F60787 /* MemoryGame */,
				B2F5806C1AB9D3FA00F60787 /* MemoryGameTests */,
				B2F580801AB9D41700F60787 /* MemoryGame WatchKit Extension */,
				B2F5808A1AB9D41800F60787 /* MemoryGame WatchKit App */,
			);
		};
/* End PBXProject section */

/* Begin PBXResourcesBuildPhase section */
		B2F580561AB9D3FA00F60787 /* Resources */ = {
			isa = PBXResourcesBuildPhase;
			buildActionMask = 2147483647;
			files = (
				B2F580631AB9D3FA00F60787 /* Main.storyboard in Resources */,
				B2F580681AB9D3FA00F60787 /* LaunchScreen.xib in Resources */,
				B2F580651AB9D3FA00F60787 /* Images.xcassets in Resources */,
			);
			runOnlyForDeploymentPostprocessing = 0;
		};
		B2F5806B1AB9D3FA00F60787 /* Resources */ = {
			isa = PBXResourcesBuildPhase;
			buildActionMask = 2147483647;
			files = (
			);
			runOnlyForDeploymentPostprocessing = 0;
		};
		B2F5807F1AB9D41700F60787 /* Resources */ = {
			isa = PBXResourcesBuildPhase;
			buildActionMask = 2147483647;
			files = (
				B2F580881AB9D41700F60787 /* Images.xcassets in Resources */,
				B2F5808C1AB9D41800F60787 /* MemoryGame WatchKit App.app in Resources */,
			);
			runOnlyForDeploymentPostprocessing = 0;
		};
		B2F580891AB9D41800F60787 /* Resources */ = {
			isa = PBXResourcesBuildPhase;
			buildActionMask = 2147483647;
			files = (
				B2F580941AB9D41800F60787 /* Interface.storyboard in Resources */,
				B2F580961AB9D41800F60787 /* Images.xcassets in Resources */,
			);
			runOnlyForDeploymentPostprocessing = 0;
		};
/* End PBXResourcesBuildPhase section */

/* Begin PBXSourcesBuildPhase section */
		B2F580541AB9D3FA00F60787 /* Sources */ = {
			isa = PBXSourcesBuildPhase;
			buildActionMask = 2147483647;
			files = (
				B2F580601AB9D3FA00F60787 /* ViewController.swift in Sources */,
				B2F5805E1AB9D3FA00F60787 /* AppDelegate.swift in Sources */,
			);
			runOnlyForDeploymentPostprocessing = 0;
		};
		B2F580691AB9D3FA00F60787 /* Sources */ = {
			isa = PBXSourcesBuildPhase;
			buildActionMask = 2147483647;
			files = (
				B2F580741AB9D3FA00F60787 /* MemoryGameTests.swift in Sources */,
			);
			runOnlyForDeploymentPostprocessing = 0;
		};
		B2F5807D1AB9D41700F60787 /* Sources */ = {
			isa = PBXSourcesBuildPhase;
			buildActionMask = 2147483647;
			files = (
				B2F580861AB9D41700F60787 /* InterfaceController.swift in Sources */,
			);
			runOnlyForDeploymentPostprocessing = 0;
		};
/* End PBXSourcesBuildPhase section */

/* Begin PBXTargetDependency section */
		B2F5806F1AB9D3FA00F60787 /* PBXTargetDependency */ = {
			isa = PBXTargetDependency;
			target = B2F580571AB9D3FA00F60787 /* MemoryGame */;
			targetProxy = B2F5806E1AB9D3FA00F60787 /* PBXContainerItemProxy */;
		};
		B2F5808E1AB9D41800F60787 /* PBXTargetDependency */ = {
			isa = PBXTargetDependency;
			target = B2F5808A1AB9D41800F60787 /* MemoryGame WatchKit App */;
			targetProxy = B2F5808D1AB9D41800F60787 /* PBXContainerItemProxy */;
		};
		B2F580981AB9D41800F60787 /* PBXTargetDependency */ = {
			isa = PBXTargetDependency;
			target = B2F580801AB9D41700F60787 /* MemoryGame WatchKit Extension */;
			targetProxy = B2F580971AB9D41800F60787 /* PBXContainerItemProxy */;
		};
/* End PBXTargetDependency section */

/* Begin PBXVariantGroup section */
		B2F580611AB9D3FA00F60787 /* Main.storyboard */ = {
			isa = PBXVariantGroup;
			children = (
				B2F580621AB9D3FA00F60787 /* Base */,
			);
			name = Main.storyboard;
			sourceTree = "<group>";
		};
		B2F580661AB9D3FA00F60787 /* LaunchScreen.xib */ = {
			isa = PBXVariantGroup;
			children = (
				B2F580671AB9D3FA00F60787 /* Base */,
			);
			name = LaunchScreen.xib;
			sourceTree = "<group>";
		};
		B2F580921AB9D41800F60787 /* Interface.storyboard */ = {
			isa = PBXVariantGroup;
			children = (
				B2F580931AB9D41800F60787 /* Base */,
			);
			name = Interface.storyboard;
			sourceTree = "<group>";
		};
/* End PBXVariantGroup section */

/* Begin XCBuildConfiguration section */
		B2F580751AB9D3FA00F60787 /* Debug */ = {
			isa = XCBuildConfiguration;
			buildSettings = {
				ALWAYS_SEARCH_USER_PATHS = NO;
				CLANG_CXX_LANGUAGE_STANDARD = "gnu++0x";
				CLANG_CXX_LIBRARY = "libc++";
				CLANG_ENABLE_MODULES = YES;
				CLANG_ENABLE_OBJC_ARC = YES;
				CLANG_WARN_BOOL_CONVERSION = YES;
				CLANG_WARN_CONSTANT_CONVERSION = YES;
				CLANG_WARN_DIRECT_OBJC_ISA_USAGE = YES_ERROR;
				CLANG_WARN_EMPTY_BODY = YES;
				CLANG_WARN_ENUM_CONVERSION = YES;
				CLANG_WARN_INT_CONVERSION = YES;
				CLANG_WARN_OBJC_ROOT_CLASS = YES_ERROR;
				CLANG_WARN_UNREACHABLE_CODE = YES;
				CLANG_WARN__DUPLICATE_METHOD_MATCH = YES;
				"CODE_SIGN_IDENTITY[sdk=iphoneos*]" = "iPhone Developer";
				COPY_PHASE_STRIP = NO;
				ENABLE_STRICT_OBJC_MSGSEND = YES;
				GCC_C_LANGUAGE_STANDARD = gnu99;
				GCC_DYNAMIC_NO_PIC = NO;
				GCC_OPTIMIZATION_LEVEL = 0;
				GCC_PREPROCESSOR_DEFINITIONS = (
					"DEBUG=1",
					"$(inherited)",
				);
				GCC_SYMBOLS_PRIVATE_EXTERN = NO;
				GCC_WARN_64_TO_32_BIT_CONVERSION = YES;
				GCC_WARN_ABOUT_RETURN_TYPE = YES_ERROR;
				GCC_WARN_UNDECLARED_SELECTOR = YES;
				GCC_WARN_UNINITIALIZED_AUTOS = YES_AGGRESSIVE;
				GCC_WARN_UNUSED_FUNCTION = YES;
				GCC_WARN_UNUSED_VARIABLE = YES;
				IPHONEOS_DEPLOYMENT_TARGET = 8.2;
				MTL_ENABLE_DEBUG_INFO = YES;
				ONLY_ACTIVE_ARCH = YES;
				SDKROOT = iphoneos;
				SWIFT_OPTIMIZATION_LEVEL = "-Onone";
			};
			name = Debug;
		};
		B2F580761AB9D3FA00F60787 /* Release */ = {
			isa = XCBuildConfiguration;
			buildSettings = {
				ALWAYS_SEARCH_USER_PATHS = NO;
				CLANG_CXX_LANGUAGE_STANDARD = "gnu++0x";
				CLANG_CXX_LIBRARY = "libc++";
				CLANG_ENABLE_MODULES = YES;
				CLANG_ENABLE_OBJC_ARC = YES;
				CLANG_WARN_BOOL_CONVERSION = YES;
				CLANG_WARN_CONSTANT_CONVERSION = YES;
				CLANG_WARN_DIRECT_OBJC_ISA_USAGE = YES_ERROR;
				CLANG_WARN_EMPTY_BODY = YES;
				CLANG_WARN_ENUM_CONVERSION = YES;
				CLANG_WARN_INT_CONVERSION = YES;
				CLANG_WARN_OBJC_ROOT_CLASS = YES_ERROR;
				CLANG_WARN_UNREACHABLE_CODE = YES;
				CLANG_WARN__DUPLICATE_METHOD_MATCH = YES;
				"CODE_SIGN_IDENTITY[sdk=iphoneos*]" = "iPhone Developer";
				COPY_PHASE_STRIP = NO;
				ENABLE_NS_ASSERTIONS = NO;
				ENABLE_STRICT_OBJC_MSGSEND = YES;
				GCC_C_LANGUAGE_STANDARD = gnu99;
				GCC_WARN_64_TO_32_BIT_CONVERSION = YES;
				GCC_WARN_ABOUT_RETURN_TYPE = YES_ERROR;
				GCC_WARN_UNDECLARED_SELECTOR = YES;
				GCC_WARN_UNINITIALIZED_AUTOS = YES_AGGRESSIVE;
				GCC_WARN_UNUSED_FUNCTION = YES;
				GCC_WARN_UNUSED_VARIABLE = YES;
				IPHONEOS_DEPLOYMENT_TARGET = 8.2;
				MTL_ENABLE_DEBUG_INFO = NO;
				SDKROOT = iphoneos;
				VALIDATE_PRODUCT = YES;
			};
			name = Release;
		};
		B2F580781AB9D3FA00F60787 /* Debug */ = {
			isa = XCBuildConfiguration;
			buildSettings = {
				ASSETCATALOG_COMPILER_APPICON_NAME = AppIcon;
				CODE_SIGN_ENTITLEMENTS = MemoryGame/MemoryGame.entitlements;
				CODE_SIGN_IDENTITY = "iPhone Developer";
				"CODE_SIGN_IDENTITY[sdk=iphoneos*]" = "iPhone Developer";
				EMBEDDED_CONTENT_CONTAINS_SWIFT = YES;
				INFOPLIST_FILE = MemoryGame/Info.plist;
				LD_RUNPATH_SEARCH_PATHS = "$(inherited) @executable_path/Frameworks";
				PRODUCT_NAME = "$(TARGET_NAME)";
				PROVISIONING_PROFILE = "";
			};
			name = Debug;
		};
		B2F580791AB9D3FA00F60787 /* Release */ = {
			isa = XCBuildConfiguration;
			buildSettings = {
				ASSETCATALOG_COMPILER_APPICON_NAME = AppIcon;
				CODE_SIGN_ENTITLEMENTS = MemoryGame/MemoryGame.entitlements;
				CODE_SIGN_IDENTITY = "iPhone Developer";
				"CODE_SIGN_IDENTITY[sdk=iphoneos*]" = "iPhone Developer";
				EMBEDDED_CONTENT_CONTAINS_SWIFT = YES;
				INFOPLIST_FILE = MemoryGame/Info.plist;
				LD_RUNPATH_SEARCH_PATHS = "$(inherited) @executable_path/Frameworks";
				PRODUCT_NAME = "$(TARGET_NAME)";
				PROVISIONING_PROFILE = "";
			};
			name = Release;
		};
		B2F5807B1AB9D3FA00F60787 /* Debug */ = {
			isa = XCBuildConfiguration;
			buildSettings = {
				BUNDLE_LOADER = "$(TEST_HOST)";
				FRAMEWORK_SEARCH_PATHS = (
					"$(SDKROOT)/Developer/Library/Frameworks",
					"$(inherited)",
				);
				GCC_PREPROCESSOR_DEFINITIONS = (
					"DEBUG=1",
					"$(inherited)",
				);
				INFOPLIST_FILE = MemoryGameTests/Info.plist;
				LD_RUNPATH_SEARCH_PATHS = "$(inherited) @executable_path/Frameworks @loader_path/Frameworks";
				PRODUCT_NAME = "$(TARGET_NAME)";
				TEST_HOST = "$(BUILT_PRODUCTS_DIR)/MemoryGame.app/MemoryGame";
			};
			name = Debug;
		};
		B2F5807C1AB9D3FA00F60787 /* Release */ = {
			isa = XCBuildConfiguration;
			buildSettings = {
				BUNDLE_LOADER = "$(TEST_HOST)";
				FRAMEWORK_SEARCH_PATHS = (
					"$(SDKROOT)/Developer/Library/Frameworks",
					"$(inherited)",
				);
				INFOPLIST_FILE = MemoryGameTests/Info.plist;
				LD_RUNPATH_SEARCH_PATHS = "$(inherited) @executable_path/Frameworks @loader_path/Frameworks";
				PRODUCT_NAME = "$(TARGET_NAME)";
				TEST_HOST = "$(BUILT_PRODUCTS_DIR)/MemoryGame.app/MemoryGame";
			};
			name = Release;
		};
		B2F5809B1AB9D41800F60787 /* Debug */ = {
			isa = XCBuildConfiguration;
			buildSettings = {
				ASSETCATALOG_COMPILER_APPICON_NAME = AppIcon;
				CODE_SIGN_IDENTITY = "iPhone Developer";
				"CODE_SIGN_IDENTITY[sdk=iphoneos*]" = "iPhone Developer";
				GCC_PREPROCESSOR_DEFINITIONS = (
					"DEBUG=1",
					"$(inherited)",
				);
				IBSC_MODULE = MemoryGame_WatchKit_Extension;
				INFOPLIST_FILE = "MemoryGame WatchKit App/Info.plist";
				PRODUCT_NAME = "$(TARGET_NAME)";
				PROVISIONING_PROFILE = "";
				SKIP_INSTALL = YES;
				TARGETED_DEVICE_FAMILY = 4;
				"TARGETED_DEVICE_FAMILY[sdk=iphonesimulator*]" = "1,4";
			};
			name = Debug;
		};
		B2F5809C1AB9D41800F60787 /* Release */ = {
			isa = XCBuildConfiguration;
			buildSettings = {
				ASSETCATALOG_COMPILER_APPICON_NAME = AppIcon;
				CODE_SIGN_IDENTITY = "iPhone Developer";
				"CODE_SIGN_IDENTITY[sdk=iphoneos*]" = "iPhone Developer";
				IBSC_MODULE = MemoryGame_WatchKit_Extension;
				INFOPLIST_FILE = "MemoryGame WatchKit App/Info.plist";
				PRODUCT_NAME = "$(TARGET_NAME)";
				PROVISIONING_PROFILE = "";
				SKIP_INSTALL = YES;
				TARGETED_DEVICE_FAMILY = 4;
				"TARGETED_DEVICE_FAMILY[sdk=iphonesimulator*]" = "1,4";
			};
			name = Release;
		};
		B2F5809E1AB9D41800F60787 /* Debug */ = {
			isa = XCBuildConfiguration;
			buildSettings = {
				CODE_SIGN_ENTITLEMENTS = "MemoryGame WatchKit Extension/MemoryGame WatchKit Extension.entitlements";
				CODE_SIGN_IDENTITY = "iPhone Developer";
				"CODE_SIGN_IDENTITY[sdk=iphoneos*]" = "iPhone Developer";
				GCC_PREPROCESSOR_DEFINITIONS = (
					"DEBUG=1",
					"$(inherited)",
				);
				INFOPLIST_FILE = "MemoryGame WatchKit Extension/Info.plist";
				LD_RUNPATH_SEARCH_PATHS = "$(inherited) @executable_path/Frameworks @executable_path/../../Frameworks";
				PRODUCT_NAME = "${TARGET_NAME}";
				PROVISIONING_PROFILE = "";
				SKIP_INSTALL = YES;
			};
			name = Debug;
		};
		B2F5809F1AB9D41800F60787 /* Release */ = {
			isa = XCBuildConfiguration;
			buildSettings = {
				CODE_SIGN_ENTITLEMENTS = "MemoryGame WatchKit Extension/MemoryGame WatchKit Extension.entitlements";
				CODE_SIGN_IDENTITY = "iPhone Developer";
				"CODE_SIGN_IDENTITY[sdk=iphoneos*]" = "iPhone Developer";
				INFOPLIST_FILE = "MemoryGame WatchKit Extension/Info.plist";
				LD_RUNPATH_SEARCH_PATHS = "$(inherited) @executable_path/Frameworks @executable_path/../../Frameworks";
				PRODUCT_NAME = "${TARGET_NAME}";
				PROVISIONING_PROFILE = "";
				SKIP_INSTALL = YES;
			};
			name = Release;
		};
/* End XCBuildConfiguration section */

/* Begin XCConfigurationList section */
		B2F580531AB9D3FA00F60787 /* Build configuration list for PBXProject "MemoryGame" */ = {
			isa = XCConfigurationList;
			buildConfigurations = (
				B2F580751AB9D3FA00F60787 /* Debug */,
				B2F580761AB9D3FA00F60787 /* Release */,
			);
			defaultConfigurationIsVisible = 0;
			defaultConfigurationName = Release;
		};
		B2F580771AB9D3FA00F60787 /* Build configuration list for PBXNativeTarget "MemoryGame" */ = {
			isa = XCConfigurationList;
			buildConfigurations = (
				B2F580781AB9D3FA00F60787 /* Debug */,
				B2F580791AB9D3FA00F60787 /* Release */,
			);
			defaultConfigurationIsVisible = 0;
			defaultConfigurationName = Release;
		};
		B2F5807A1AB9D3FA00F60787 /* Build configuration list for PBXNativeTarget "MemoryGameTests" */ = {
			isa = XCConfigurationList;
			buildConfigurations = (
				B2F5807B1AB9D3FA00F60787 /* Debug */,
				B2F5807C1AB9D3FA00F60787 /* Release */,
			);
			defaultConfigurationIsVisible = 0;
			defaultConfigurationName = Release;
		};
		B2F5809A1AB9D41800F60787 /* Build configuration list for PBXNativeTarget "MemoryGame WatchKit App" */ = {
			isa = XCConfigurationList;
			buildConfigurations = (
				B2F5809B1AB9D41800F60787 /* Debug */,
				B2F5809C1AB9D41800F60787 /* Release */,
			);
			defaultConfigurationIsVisible = 0;
			defaultConfigurationName = Release;
		};
		B2F5809D1AB9D41800F60787 /* Build configuration list for PBXNativeTarget "MemoryGame WatchKit Extension" */ = {
			isa = XCConfigurationList;
			buildConfigurations = (
				B2F5809E1AB9D41800F60787 /* Debug */,
				B2F5809F1AB9D41800F60787 /* Release */,
			);
			defaultConfigurationIsVisible = 0;
			defaultConfigurationName = Release;
		};
/* End XCConfigurationList section */
	};
	rootObject = B2F580501AB9D3FA00F60787 /* Project object */;
}
